{
  "originHash" : "92497b3a27e3859a5baba205dfaa1e319f2384a67e74dc4a70415cff1f5af431",
  "pins" : [
    {
      "identity" : "swift-syntax",
      "kind" : "remoteSourceControl",
      "location" : "https://github.com/swiftlang/swift-syntax",
      "state" : {
        "revision" : "2b59c0c741e9184ab057fd22950b491076d42e91",
        "version" : "603.0.0"
      }
    }
  ],
  "version" : 3
}
