{
  "originHash" : "abfa82a6b4c08e5c40839438faa6cd6b248c65e24d9a07a0a1d3ee2d04a4bb37",
  "pins" : [
    {
      "identity" : "swift-syntax",
      "kind" : "remoteSourceControl",
      "location" : "https://github.com/swiftlang/swift-syntax",
      "state" : {
        "revision" : "9de99a78f099e59caf2b2beec65a4c45d54b2081",
        "version" : "603.0.1"
      }
    }
  ],
  "version" : 3
}
